// !$*UTF8*$!
{
	archiveVersion = 1;
	classes = {
	};
	objectVersion = 55;
	objects = {

/* Begin PBXBuildFile section */
		EF0FF8072780E5250079B826 /* AppDelegate.swift in Sources */ = {isa = PBXBuildFile; fileRef = EF0FF8062780E5250079B826 /* AppDelegate.swift */; };
		EF0FF8092780E5250079B826 /* GameScene.sks in Resources */ = {isa = PBXBuildFile; fileRef = EF0FF8082780E5250079B826 /* GameScene.sks */; };
		EF0FF80B2780E5250079B826 /* Actions.sks in Resources */ = {isa = PBXBuildFile; fileRef = EF0FF80A2780E5250079B826 /* Actions.sks */; };
		EF0FF80D2780E5250079B826 /* GameScene.swift in Sources */ = {isa = PBXBuildFile; fileRef = EF0FF80C2780E5250079B826 /* GameScene.swift */; };
		EF0FF80F2780E5250079B826 /* GameViewController.swift in Sources */ = {isa = PBXBuildFile; fileRef = EF0FF80E2780E5250079B826 /* GameViewController.swift */; };
		EF0FF8122780E5250079B826 /* Main.storyboard in Resources */ = {isa = PBXBuildFile; fileRef = EF0FF8102780E5250079B826 /* Main.storyboard */; };
		EF0FF8172780E5260079B826 /* LaunchScreen.storyboard in Resources */ = {isa = PBXBuildFile; fileRef = EF0FF8152780E5260079B826 /* LaunchScreen.storyboard */; };
		EF0FF81E2780E5850079B826 /* ArenaBoundary.swift in Sources */ = {isa = PBXBuildFile; fileRef = EF0FF81D2780E5850079B826 /* ArenaBoundary.swift */; };
		EF0FF8202780E5CB0079B826 /* Music.swift in Sources */ = {isa = PBXBuildFile; fileRef = EF0FF81F2780E5CB0079B826 /* Music.swift */; };
		EF0FF8222780E5D40079B826 /* Bullet.swift in Sources */ = {isa = PBXBuildFile; fileRef = EF0FF8212780E5D40079B826 /* Bullet.swift */; };
		EF0FF8242780E5D90079B826 /* GameSprite.swift in Sources */ = {isa = PBXBuildFile; fileRef = EF0FF8232780E5D90079B826 /* GameSprite.swift */; };
		EF0FF8262780E5DD0079B826 /* HUD.swift in Sources */ = {isa = PBXBuildFile; fileRef = EF0FF8252780E5DD0079B826 /* HUD.swift */; };
		EF0FF8282780E5E10079B826 /* MenuScene.swift in Sources */ = {isa = PBXBuildFile; fileRef = EF0FF8272780E5E10079B826 /* MenuScene.swift */; };
		EF0FF82A2780E5E50079B826 /* OptionsScene.swift in Sources */ = {isa = PBXBuildFile; fileRef = EF0FF8292780E5E50079B826 /* OptionsScene.swift */; };
		EF0FF82C2780E5E90079B826 /* HowToPlay.swift in Sources */ = {isa = PBXBuildFile; fileRef = EF0FF82B2780E5E90079B826 /* HowToPlay.swift */; };
		EF0FF82E2780E5ED0079B826 /* Player1.swift in Sources */ = {isa = PBXBuildFile; fileRef = EF0FF82D2780E5ED0079B826 /* Player1.swift */; };
		EF0FF8302780E5F00079B826 /* Player2.swift in Sources */ = {isa = PBXBuildFile; fileRef = EF0FF82F2780E5F00079B826 /* Player2.swift */; };
		EF0FF8322780E5F40079B826 /* ParticlePool.swift in Sources */ = {isa = PBXBuildFile; fileRef = EF0FF8312780E5F40079B826 /* ParticlePool.swift */; };
		EF0FF8342780E5F70079B826 /* BulletExplosion.sks in Resources */ = {isa = PBXBuildFile; fileRef = EF0FF8332780E5F70079B826 /* BulletExplosion.sks */; };
		EF0FF8362780E5FB0079B826 /* PlayerExplosion1.sks in Resources */ = {isa = PBXBuildFile; fileRef = EF0FF8352780E5FB0079B826 /* PlayerExplosion1.sks */; };
		EF0FF8382780E5FF0079B826 /* PlayerExplosion2.sks in Resources */ = {isa = PBXBuildFile; fileRef = EF0FF8372780E5FF0079B826 /* PlayerExplosion2.sks */; };
		EF0FF83A2780E6030079B826 /* StartMenuParticle.sks in Resources */ = {isa = PBXBuildFile; fileRef = EF0FF8392780E6030079B826 /* StartMenuParticle.sks */; };
		EF0FF8402780E6130079B826 /* Sound.xcassets in Resources */ = {isa = PBXBuildFile; fileRef = EF0FF83F2780E6130079B826 /* Sound.xcassets */; };
		EF0FF8432780EF6B0079B826 /* Assets.xcassets in Resources */ = {isa = PBXBuildFile; fileRef = EF0FF8412780EF6B0079B826 /* Assets.xcassets */; };
		EF0FF84827812B620079B826 /* Assets.xcassets in Resources */ = {isa = PBXBuildFile; fileRef = EF0FF84727812B620079B826 /* Assets.xcassets */; };
/* End PBXBuildFile section */

/* Begin PBXFileReference section */
		EF0FF8032780E5250079B826 /* GalaxFight.app */ = {isa = PBXFileReference; explicitFileType = wrapper.application; includeInIndex = 0; path = GalaxFight.app; sourceTree = BUILT_PRODUCTS_DIR; };
		EF0FF8062780E5250079B826 /* AppDelegate.swift */ = {isa = PBXFileReference; lastKnownFileType = sourcecode.swift; path = AppDelegate.swift; sourceTree = "<group>"; };
		EF0FF8082780E5250079B826 /* GameScene.sks */ = {isa = PBXFileReference; lastKnownFileType = file.sks; path = GameScene.sks; sourceTree = "<group>"; };
		EF0FF80A2780E5250079B826 /* Actions.sks */ = {isa = PBXFileReference; lastKnownFileType = file.sks; path = Actions.sks; sourceTree = "<group>"; };
		EF0FF80C2780E5250079B826 /* GameScene.swift */ = {isa = PBXFileReference; lastKnownFileType = sourcecode.swift; path = GameScene.swift; sourceTree = "<group>"; };
		EF0FF80E2780E5250079B826 /* GameViewController.swift */ = {isa = PBXFileReference; lastKnownFileType = sourcecode.swift; path = GameViewController.swift; sourceTree = "<group>"; };
		EF0FF8112780E5250079B826 /* Base */ = {isa = PBXFileReference; lastKnownFileType = file.storyboard; name = Base; path = Base.lproj/Main.storyboard; sourceTree = "<group>"; };
		EF0FF8162780E5260079B826 /* Base */ = {isa = PBXFileReference; lastKnownFileType = file.storyboard; name = Base; path = Base.lproj/LaunchScreen.storyboard; sourceTree = "<group>"; };
		EF0FF81D2780E5850079B826 /* ArenaBoundary.swift */ = {isa = PBXFileReference; lastKnownFileType = sourcecode.swift; path = ArenaBoundary.swift; sourceTree = "<group>"; };
		EF0FF81F2780E5CB0079B826 /* Music.swift */ = {isa = PBXFileReference; fileEncoding = 4; lastKnownFileType = sourcecode.swift; path = Music.swift; sourceTree = "<group>"; };
		EF0FF8212780E5D40079B826 /* Bullet.swift */ = {isa = PBXFileReference; fileEncoding = 4; lastKnownFileType = sourcecode.swift; path = Bullet.swift; sourceTree = "<group>"; };
		EF0FF8232780E5D90079B826 /* GameSprite.swift */ = {isa = PBXFileReference; fileEncoding = 4; lastKnownFileType = sourcecode.swift; path = GameSprite.swift; sourceTree = "<group>"; };
		EF0FF8252780E5DD0079B826 /* HUD.swift */ = {isa = PBXFileReference; fileEncoding = 4; lastKnownFileType = sourcecode.swift; path = HUD.swift; sourceTree = "<group>"; };
		EF0FF8272780E5E10079B826 /* MenuScene.swift */ = {isa = PBXFileReference; fileEncoding = 4; lastKnownFileType = sourcecode.swift; path = MenuScene.swift; sourceTree = "<group>"; };
		EF0FF8292780E5E50079B826 /* OptionsScene.swift */ = {isa = PBXFileReference; fileEncoding = 4; lastKnownFileType = sourcecode.swift; path = OptionsScene.swift; sourceTree = "<group>"; };
		EF0FF82B2780E5E90079B826 /* HowToPlay.swift */ = {isa = PBXFileReference; fileEncoding = 4; lastKnownFileType = sourcecode.swift; path = HowToPlay.swift; sourceTree = "<group>"; };
		EF0FF82D2780E5ED0079B826 /* Player1.swift */ = {isa = PBXFileReference; fileEncoding = 4; lastKnownFileType = sourcecode.swift; path = Player1.swift; sourceTree = "<group>"; };
		EF0FF82F2780E5F00079B826 /* Player2.swift */ = {isa = PBXFileReference; fileEncoding = 4; lastKnownFileType = sourcecode.swift; path = Player2.swift; sourceTree = "<group>"; };
		EF0FF8312780E5F40079B826 /* ParticlePool.swift */ = {isa = PBXFileReference; fileEncoding = 4; lastKnownFileType = sourcecode.swift; path = ParticlePool.swift; sourceTree = "<group>"; };
		EF0FF8332780E5F70079B826 /* BulletExplosion.sks */ = {isa = PBXFileReference; lastKnownFileType = file.sks; path = BulletExplosion.sks; sourceTree = "<group>"; };
		EF0FF8352780E5FB0079B826 /* PlayerExplosion1.sks */ = {isa = PBXFileReference; lastKnownFileType = file.sks; path = PlayerExplosion1.sks; sourceTree = "<group>"; };
		EF0FF8372780E5FF0079B826 /* PlayerExplosion2.sks */ = {isa = PBXFileReference; lastKnownFileType = file.sks; path = PlayerExplosion2.sks; sourceTree = "<group>"; };
		EF0FF8392780E6030079B826 /* StartMenuParticle.sks */ = {isa = PBXFileReference; lastKnownFileType = file.sks; path = StartMenuParticle.sks; sourceTree = "<group>"; };
		EF0FF83F2780E6130079B826 /* Sound.xcassets */ = {isa = PBXFileReference; lastKnownFileType = folder.assetcatalog; path = Sound.xcassets; sourceTree = "<group>"; };
		EF0FF8412780EF6B0079B826 /* Assets.xcassets */ = {isa = PBXFileReference; lastKnownFileType = folder.assetcatalog; path = Assets.xcassets; sourceTree = "<group>"; };
		EF0FF84727812B620079B826 /* Assets.xcassets */ = {isa = PBXFileReference; lastKnownFileType = folder.assetcatalog; name = Assets.xcassets; path = "../../../.Trash/MainGame 2.47.24 PM/Assets.xcassets"; sourceTree = "<group>"; };
/* End PBXFileReference section */

/* Begin PBXFrameworksBuildPhase section */
		EF0FF8002780E5250079B826 /* Frameworks */ = {
			isa = PBXFrameworksBuildPhase;
			buildActionMask = 2147483647;
			files = (
			);
			runOnlyForDeploymentPostprocessing = 0;
		};
/* End PBXFrameworksBuildPhase section */

/* Begin PBXGroup section */
		EF0FF7FA2780E5250079B826 = {
			isa = PBXGroup;
			children = (
				EF0FF8052780E5250079B826 /* GalaxFight */,
				EF0FF8042780E5250079B826 /* Products */,
			);
			sourceTree = "<group>";
		};
		EF0FF8042780E5250079B826 /* Products */ = {
			isa = PBXGroup;
			children = (
				EF0FF8032780E5250079B826 /* GalaxFight.app */,
			);
			name = Products;
			sourceTree = "<group>";
		};
		EF0FF8052780E5250079B826 /* GalaxFight */ = {
			isa = PBXGroup;
			children = (
				EF0FF8062780E5250079B826 /* AppDelegate.swift */,
				EF0FF8082780E5250079B826 /* GameScene.sks */,
				EF0FF80A2780E5250079B826 /* Actions.sks */,
				EF0FF80C2780E5250079B826 /* GameScene.swift */,
				EF0FF81D2780E5850079B826 /* ArenaBoundary.swift */,
				EF0FF81F2780E5CB0079B826 /* Music.swift */,
				EF0FF8212780E5D40079B826 /* Bullet.swift */,
				EF0FF8232780E5D90079B826 /* GameSprite.swift */,
				EF0FF80E2780E5250079B826 /* GameViewController.swift */,
				EF0FF8252780E5DD0079B826 /* HUD.swift */,
				EF0FF8272780E5E10079B826 /* MenuScene.swift */,
				EF0FF8292780E5E50079B826 /* OptionsScene.swift */,
				EF0FF82B2780E5E90079B826 /* HowToPlay.swift */,
				EF0FF82D2780E5ED0079B826 /* Player1.swift */,
				EF0FF82F2780E5F00079B826 /* Player2.swift */,
				EF0FF8312780E5F40079B826 /* ParticlePool.swift */,
				EF0FF8332780E5F70079B826 /* BulletExplosion.sks */,
				EF0FF8352780E5FB0079B826 /* PlayerExplosion1.sks */,
				EF0FF8372780E5FF0079B826 /* PlayerExplosion2.sks */,
				EF0FF8392780E6030079B826 /* StartMenuParticle.sks */,
				EF0FF8102780E5250079B826 /* Main.storyboard */,
				EF0FF83F2780E6130079B826 /* Sound.xcassets */,
				EF0FF8152780E5260079B826 /* LaunchScreen.storyboard */,
				EF0FF84727812B620079B826 /* Assets.xcassets */,
				EF0FF8412780EF6B0079B826 /* Assets.xcassets */,
			);
			path = GalaxFight;
			sourceTree = "<group>";
		};
/* End PBXGroup section */

/* Begin PBXNativeTarget section */
		EF0FF8022780E5250079B826 /* GalaxFight */ = {
			isa = PBXNativeTarget;
			buildConfigurationList = EF0FF81A2780E5260079B826 /* Build configuration list for PBXNativeTarget "GalaxFight" */;
			buildPhases = (
				EF0FF7FF2780E5250079B826 /* Sources */,
				EF0FF8002780E5250079B826 /* Frameworks */,
				EF0FF8012780E5250079B826 /* Resources */,
			);
			buildRules = (
			);
			dependencies = (
			);
			name = GalaxFight;
			productName = GalaxFight;
			productReference = EF0FF8032780E5250079B826 /* GalaxFight.app */;
			productType = "com.apple.product-type.application";
		};
/* End PBXNativeTarget section */

/* Begin PBXProject section */
		EF0FF7FB2780E5250079B826 /* Project object */ = {
			isa = PBXProject;
			attributes = {
				BuildIndependentTargetsInParallel = 1;
				LastSwiftUpdateCheck = 1320;
				LastUpgradeCheck = 1320;
				TargetAttributes = {
					EF0FF8022780E5250079B826 = {
						CreatedOnToolsVersion = 13.2.1;
					};
				};
			};
			buildConfigurationList = EF0FF7FE2780E5250079B826 /* Build configuration list for PBXProject "GalaxFight" */;
			compatibilityVersion = "Xcode 13.0";
			developmentRegion = en;
			hasScannedForEncodings = 0;
			knownRegions = (
				en,
				Base,
			);
			mainGroup = EF0FF7FA2780E5250079B826;
			productRefGroup = EF0FF8042780E5250079B826 /* Products */;
			projectDirPath = "";
			projectRoot = "";
			targets = (
				EF0FF8022780E5250079B826 /* GalaxFight */,
			);
		};
/* End PBXProject section */

/* Begin PBXResourcesBuildPhase section */
		EF0FF8012780E5250079B826 /* Resources */ = {
			isa = PBXResourcesBuildPhase;
			buildActionMask = 2147483647;
			files = (
				EF0FF8122780E5250079B826 /* Main.storyboard in Resources */,
				EF0FF8092780E5250079B826 /* GameScene.sks in Resources */,
				EF0FF84827812B620079B826 /* Assets.xcassets in Resources */,
				EF0FF8382780E5FF0079B826 /* PlayerExplosion2.sks in Resources */,
				EF0FF8362780E5FB0079B826 /* PlayerExplosion1.sks in Resources */,
				EF0FF8402780E6130079B826 /* Sound.xcassets in Resources */,
				EF0FF8342780E5F70079B826 /* BulletExplosion.sks in Resources */,
				EF0FF8172780E5260079B826 /* LaunchScreen.storyboard in Resources */,
				EF0FF83A2780E6030079B826 /* StartMenuParticle.sks in Resources */,
				EF0FF8432780EF6B0079B826 /* Assets.xcassets in Resources */,
				EF0FF80B2780E5250079B826 /* Actions.sks in Resources */,
			);
			runOnlyForDeploymentPostprocessing = 0;
		};
/* End PBXResourcesBuildPhase section */

/* Begin PBXSourcesBuildPhase section */
		EF0FF7FF2780E5250079B826 /* Sources */ = {
			isa = PBXSourcesBuildPhase;
			buildActionMask = 2147483647;
			files = (
				EF0FF80D2780E5250079B826 /* GameScene.swift in Sources */,
				EF0FF81E2780E5850079B826 /* ArenaBoundary.swift in Sources */,
				EF0FF8302780E5F00079B826 /* Player2.swift in Sources */,
				EF0FF8202780E5CB0079B826 /* Music.swift in Sources */,
				EF0FF82A2780E5E50079B826 /* OptionsScene.swift in Sources */,
				EF0FF8282780E5E10079B826 /* MenuScene.swift in Sources */,
				EF0FF8242780E5D90079B826 /* GameSprite.swift in Sources */,
				EF0FF82E2780E5ED0079B826 /* Player1.swift in Sources */,
				EF0FF80F2780E5250079B826 /* GameViewController.swift in Sources */,
				EF0FF8262780E5DD0079B826 /* HUD.swift in Sources */,
				EF0FF8072780E5250079B826 /* AppDelegate.swift in Sources */,
				EF0FF8322780E5F40079B826 /* ParticlePool.swift in Sources */,
				EF0FF82C2780E5E90079B826 /* HowToPlay.swift in Sources */,
				EF0FF8222780E5D40079B826 /* Bullet.swift in Sources */,
			);
			runOnlyForDeploymentPostprocessing = 0;
		};
/* End PBXSourcesBuildPhase section */

/* Begin PBXVariantGroup section */
		EF0FF8102780E5250079B826 /* Main.storyboard */ = {
			isa = PBXVariantGroup;
			children = (
				EF0FF8112780E5250079B826 /* Base */,
			);
			name = Main.storyboard;
			sourceTree = "<group>";
		};
		EF0FF8152780E5260079B826 /* LaunchScreen.storyboard */ = {
			isa = PBXVariantGroup;
			children = (
				EF0FF8162780E5260079B826 /* Base */,
			);
			name = LaunchScreen.storyboard;
			sourceTree = "<group>";
		};
/* End PBXVariantGroup section */

/* Begin XCBuildConfiguration section */
		EF0FF8182780E5260079B826 /* Debug */ = {
			isa = XCBuildConfiguration;
			buildSettings = {
				ALWAYS_SEARCH_USER_PATHS = NO;
				CLANG_ANALYZER_NONNULL = YES;
				CLANG_ANALYZER_NUMBER_OBJECT_CONVERSION = YES_AGGRESSIVE;
				CLANG_CXX_LANGUAGE_STANDARD = "gnu++17";
				CLANG_CXX_LIBRARY = "libc++";
				CLANG_ENABLE_MODULES = YES;
				CLANG_ENABLE_OBJC_ARC = YES;
				CLANG_ENABLE_OBJC_WEAK = YES;
				CLANG_WARN_BLOCK_CAPTURE_AUTORELEASING = YES;
				CLANG_WARN_BOOL_CONVERSION = YES;
				CLANG_WARN_COMMA = YES;
				CLANG_WARN_CONSTANT_CONVERSION = YES;
				CLANG_WARN_DEPRECATED_OBJC_IMPLEMENTATIONS = YES;
				CLANG_WARN_DIRECT_OBJC_ISA_USAGE = YES_ERROR;
				CLANG_WARN_DOCUMENTATION_COMMENTS = YES;
				CLANG_WARN_EMPTY_BODY = YES;
				CLANG_WARN_ENUM_CONVERSION = YES;
				CLANG_WARN_INFINITE_RECURSION = YES;
				CLANG_WARN_INT_CONVERSION = YES;
				CLANG_WARN_NON_LITERAL_NULL_CONVERSION = YES;
				CLANG_WARN_OBJC_IMPLICIT_RETAIN_SELF = YES;
				CLANG_WARN_OBJC_LITERAL_CONVERSION = YES;
				CLANG_WARN_OBJC_ROOT_CLASS = YES_ERROR;
				CLANG_WARN_QUOTED_INCLUDE_IN_FRAMEWORK_HEADER = YES;
				CLANG_WARN_RANGE_LOOP_ANALYSIS = YES;
				CLANG_WARN_STRICT_PROTOTYPES = YES;
				CLANG_WARN_SUSPICIOUS_MOVE = YES;
				CLANG_WARN_UNGUARDED_AVAILABILITY = YES_AGGRESSIVE;
				CLANG_WARN_UNREACHABLE_CODE = YES;
				CLANG_WARN__DUPLICATE_METHOD_MATCH = YES;
				COPY_PHASE_STRIP = NO;
				DEBUG_INFORMATION_FORMAT = dwarf;
				ENABLE_STRICT_OBJC_MSGSEND = YES;
				ENABLE_TESTABILITY = YES;
				GCC_C_LANGUAGE_STANDARD = gnu11;
				GCC_DYNAMIC_NO_PIC = NO;
				GCC_NO_COMMON_BLOCKS = YES;
				GCC_OPTIMIZATION_LEVEL = 0;
				GCC_PREPROCESSOR_DEFINITIONS = (
					"DEBUG=1",
					"$(inherited)",
				);
				GCC_WARN_64_TO_32_BIT_CONVERSION = YES;
				GCC_WARN_ABOUT_RETURN_TYPE = YES_ERROR;
				GCC_WARN_UNDECLARED_SELECTOR = YES;
				GCC_WARN_UNINITIALIZED_AUTOS = YES_AGGRESSIVE;
				GCC_WARN_UNUSED_FUNCTION = YES;
				GCC_WARN_UNUSED_VARIABLE = YES;
				IPHONEOS_DEPLOYMENT_TARGET = 15.2;
				MTL_ENABLE_DEBUG_INFO = INCLUDE_SOURCE;
				MTL_FAST_MATH = YES;
				ONLY_ACTIVE_ARCH = YES;
				SDKROOT = iphoneos;
				SWIFT_ACTIVE_COMPILATION_CONDITIONS = DEBUG;
				SWIFT_OPTIMIZATION_LEVEL = "-Onone";
			};
			name = Debug;
		};
		EF0FF8192780E5260079B826 /* Release */ = {
			isa = XCBuildConfiguration;
			buildSettings = {
				ALWAYS_SEARCH_USER_PATHS = NO;
				CLANG_ANALYZER_NONNULL = YES;
				CLANG_ANALYZER_NUMBER_OBJECT_CONVERSION = YES_AGGRESSIVE;
				CLANG_CXX_LANGUAGE_STANDARD = "gnu++17";
				CLANG_CXX_LIBRARY = "libc++";
				CLANG_ENABLE_MODULES = YES;
				CLANG_ENABLE_OBJC_ARC = YES;
				CLANG_ENABLE_OBJC_WEAK = YES;
				CLANG_WARN_BLOCK_CAPTURE_AUTORELEASING = YES;
				CLANG_WARN_BOOL_CONVERSION = YES;
				CLANG_WARN_COMMA = YES;
				CLANG_WARN_CONSTANT_CONVERSION = YES;
				CLANG_WARN_DEPRECATED_OBJC_IMPLEMENTATIONS = YES;
				CLANG_WARN_DIRECT_OBJC_ISA_USAGE = YES_ERROR;
				CLANG_WARN_DOCUMENTATION_COMMENTS = YES;
				CLANG_WARN_EMPTY_BODY = YES;
				CLANG_WARN_ENUM_CONVERSION = YES;
				CLANG_WARN_INFINITE_RECURSION = YES;
				CLANG_WARN_INT_CONVERSION = YES;
				CLANG_WARN_NON_LITERAL_NULL_CONVERSION = YES;
				CLANG_WARN_OBJC_IMPLICIT_RETAIN_SELF = YES;
				CLANG_WARN_OBJC_LITERAL_CONVERSION = YES;
				CLANG_WARN_OBJC_ROOT_CLASS = YES_ERROR;
				CLANG_WARN_QUOTED_INCLUDE_IN_FRAMEWORK_HEADER = YES;
				CLANG_WARN_RANGE_LOOP_ANALYSIS = YES;
				CLANG_WARN_STRICT_PROTOTYPES = YES;
				CLANG_WARN_SUSPICIOUS_MOVE = YES;
				CLANG_WARN_UNGUARDED_AVAILABILITY = YES_AGGRESSIVE;
				CLANG_WARN_UNREACHABLE_CODE = YES;
				CLANG_WARN__DUPLICATE_METHOD_MATCH = YES;
				COPY_PHASE_STRIP = NO;
				DEBUG_INFORMATION_FORMAT = "dwarf-with-dsym";
				ENABLE_NS_ASSERTIONS = NO;
				ENABLE_STRICT_OBJC_MSGSEND = YES;
				GCC_C_LANGUAGE_STANDARD = gnu11;
				GCC_NO_COMMON_BLOCKS = YES;
				GCC_WARN_64_TO_32_BIT_CONVERSION = YES;
				GCC_WARN_ABOUT_RETURN_TYPE = YES_ERROR;
				GCC_WARN_UNDECLARED_SELECTOR = YES;
				GCC_WARN_UNINITIALIZED_AUTOS = YES_AGGRESSIVE;
				GCC_WARN_UNUSED_FUNCTION = YES;
				GCC_WARN_UNUSED_VARIABLE = YES;
				IPHONEOS_DEPLOYMENT_TARGET = 15.2;
				MTL_ENABLE_DEBUG_INFO = NO;
				MTL_FAST_MATH = YES;
				SDKROOT = iphoneos;
				SWIFT_COMPILATION_MODE = wholemodule;
				SWIFT_OPTIMIZATION_LEVEL = "-O";
				VALIDATE_PRODUCT = YES;
			};
			name = Release;
		};
		EF0FF81B2780E5260079B826 /* Debug */ = {
			isa = XCBuildConfiguration;
			buildSettings = {
				ASSETCATALOG_COMPILER_APPICON_NAME = AppIcon;
				ASSETCATALOG_COMPILER_GLOBAL_ACCENT_COLOR_NAME = AccentColor;
				ASSETCATALOG_COMPILER_INCLUDE_ALL_APPICON_ASSETS = YES;
				CODE_SIGN_STYLE = Automatic;
				CURRENT_PROJECT_VERSION = 1;
				DEVELOPMENT_TEAM = YDFZ67KB5Z;
				GENERATE_INFOPLIST_FILE = YES;
				INFOPLIST_KEY_UIApplicationSupportsIndirectInputEvents = YES;
				INFOPLIST_KEY_UILaunchStoryboardName = LaunchScreen;
				INFOPLIST_KEY_UIMainStoryboardFile = Main;
				INFOPLIST_KEY_UIStatusBarHidden = YES;
				INFOPLIST_KEY_UISupportedInterfaceOrientations_iPad = "UIInterfaceOrientationPortrait UIInterfaceOrientationPortraitUpsideDown UIInterfaceOrientationLandscapeLeft UIInterfaceOrientationLandscapeRight";
				INFOPLIST_KEY_UISupportedInterfaceOrientations_iPhone = "UIInterfaceOrientationPortrait UIInterfaceOrientationLandscapeLeft UIInterfaceOrientationLandscapeRight";
				LD_RUNPATH_SEARCH_PATHS = (
					"$(inherited)",
					"@executable_path/Frameworks",
				);
				MARKETING_VERSION = 1.0;
				PRODUCT_BUNDLE_IDENTIFIER = indieGame.GalaxFight;
				PRODUCT_NAME = GalaxFight;
				SWIFT_EMIT_LOC_STRINGS = YES;
				SWIFT_VERSION = 5.0;
				TARGETED_DEVICE_FAMILY = "1,2";
			};
			name = Debug;
		};
		EF0FF81C2780E5260079B826 /* Release */ = {
			isa = XCBuildConfiguration;
			buildSettings = {
				ASSETCATALOG_COMPILER_APPICON_NAME = AppIcon;
				ASSETCATALOG_COMPILER_GLOBAL_ACCENT_COLOR_NAME = AccentColor;
				ASSETCATALOG_COMPILER_INCLUDE_ALL_APPICON_ASSETS = YES;
				CODE_SIGN_STYLE = Automatic;
				CURRENT_PROJECT_VERSION = 1;
				DEVELOPMENT_TEAM = YDFZ67KB5Z;
				GENERATE_INFOPLIST_FILE = YES;
				INFOPLIST_KEY_UIApplicationSupportsIndirectInputEvents = YES;
				INFOPLIST_KEY_UILaunchStoryboardName = LaunchScreen;
				INFOPLIST_KEY_UIMainStoryboardFile = Main;
				INFOPLIST_KEY_UIStatusBarHidden = YES;
				INFOPLIST_KEY_UISupportedInterfaceOrientations_iPad = "UIInterfaceOrientationPortrait UIInterfaceOrientationPortraitUpsideDown UIInterfaceOrientationLandscapeLeft UIInterfaceOrientationLandscapeRight";
				INFOPLIST_KEY_UISupportedInterfaceOrientations_iPhone = "UIInterfaceOrientationPortrait UIInterfaceOrientationLandscapeLeft UIInterfaceOrientationLandscapeRight";
				LD_RUNPATH_SEARCH_PATHS = (
					"$(inherited)",
					"@executable_path/Frameworks",
				);
				MARKETING_VERSION = 1.0;
				PRODUCT_BUNDLE_IDENTIFIER = indieGame.GalaxFight;
				PRODUCT_NAME = GalaxFight;
				SWIFT_EMIT_LOC_STRINGS = YES;
				SWIFT_VERSION = 5.0;
				TARGETED_DEVICE_FAMILY = "1,2";
			};
			name = Release;
		};
/* End XCBuildConfiguration section */

/* Begin XCConfigurationList section */
		EF0FF7FE2780E5250079B826 /* Build configuration list for PBXProject "GalaxFight" */ = {
			isa = XCConfigurationList;
			buildConfigurations = (
				EF0FF8182780E5260079B826 /* Debug */,
				EF0FF8192780E5260079B826 /* Release */,
			);
			defaultConfigurationIsVisible = 0;
			defaultConfigurationName = Release;
		};
		EF0FF81A2780E5260079B826 /* Build configuration list for PBXNativeTarget "GalaxFight" */ = {
			isa = XCConfigurationList;
			buildConfigurations = (
				EF0FF81B2780E5260079B826 /* Debug */,
				EF0FF81C2780E5260079B826 /* Release */,
			);
			defaultConfigurationIsVisible = 0;
			defaultConfigurationName = Release;
		};
/* End XCConfigurationList section */
	};
	rootObject = EF0FF7FB2780E5250079B826 /* Project object */;
}
